
Microsoft Visual Studio Solution File, Format Version 12.00
# Visual Studio Version 16
VisualStudioVersion = 16.0.31515.178
MinimumVisualStudioVersion = 10.0.40219.1
Project("{FAE04EC0-301F-11D3-BF4B-00C04F79EFBC}") = "MatchingGame", "MatchingGame\MatchingGame.csproj", "{8FD91809-F754-4E60-9BFF-68CA9EDF969D}"
EndProject
Global
	GlobalSection(SolutionConfigurationPlatforms) = preSolution
		Debug|Any CPU = Debug|Any CPU
		Release|Any CPU = Release|Any CPU
	EndGlobalSection
	GlobalSection(ProjectConfigurationPlatforms) = postSolution
		{8FD91809-F754-4E60-9BFF-68CA9EDF969D}.Debug|Any CPU.ActiveCfg = Debug|Any CPU
		{8FD91809-F754-4E60-9BFF-68CA9EDF969D}.Debug|Any CPU.Build.0 = Debug|Any CPU
		{8FD91809-F754-4E60-9BFF-68CA9EDF969D}.Release|Any CPU.ActiveCfg = Release|Any CPU
		{8FD91809-F754-4E60-9BFF-68CA9EDF969D}.Release|Any CPU.Build.0 = Release|Any CPU
	EndGlobalSection
	GlobalSection(SolutionProperties) = preSolution
		HideSolutionNode = FALSE
	EndGlobalSection
	GlobalSection(ExtensibilityGlobals) = postSolution
		SolutionGuid = {8569CD15-AE30-4AE9-A73E-D99E6112EB0E}
	EndGlobalSection
EndGlobal
